
Microsoft Visual Studio Solution File, Format Version 12.00
# Visual Studio Version 16
VisualStudioVersion = 16.0.32106.194
MinimumVisualStudioVersion = 10.0.40219.1
Project("{FAE04EC0-301F-11D3-BF4B-00C04F79EFBC}") = "Dam", "Dam\Dam.csproj", "{E13650D3-F421-4AEC-8856-12B764EE0D1A}"
EndProject
Global
	GlobalSection(SolutionConfigurationPlatforms) = preSolution
		Debug|Any CPU = Debug|Any CPU
		Release|Any CPU = Release|Any CPU
	EndGlobalSection
	GlobalSection(ProjectConfigurationPlatforms) = postSolution
		{E13650D3-F421-4AEC-8856-12B764EE0D1A}.Debug|Any CPU.ActiveCfg = Debug|Any CPU
		{E13650D3-F421-4AEC-8856-12B764EE0D1A}.Debug|Any CPU.Build.0 = Debug|Any CPU
		{E13650D3-F421-4AEC-8856-12B764EE0D1A}.Release|Any CPU.ActiveCfg = Release|Any CPU
		{E13650D3-F421-4AEC-8856-12B764EE0D1A}.Release|Any CPU.Build.0 = Release|Any CPU
	EndGlobalSection
	GlobalSection(SolutionProperties) = preSolution
		HideSolutionNode = FALSE
	EndGlobalSection
	GlobalSection(ExtensibilityGlobals) = postSolution
		SolutionGuid = {49BC99AC-18D1-428E-B298-AF2F68EC30F4}
	EndGlobalSection
EndGlobal
